# THIS IS AN AUTOGENERATED FILE. DO NOT EDIT THIS FILE DIRECTLY.
# yarn lockfile v1


esbuild-android-arm64@0.14.23:
  version "0.14.23"
  resolved "http://registry.npm.oa.com/esbuild-android-arm64/download/esbuild-android-arm64-0.14.23.tgz#c89b3c50b4f47668dcbeb0b34ee4615258818e71"
  integrity sha1-yJs8ULT0dmjcvrCzTuRhUliBjnE=

esbuild-darwin-64@0.14.23:
  version "0.14.23"
  resolved "http://registry.npm.oa.com/esbuild-darwin-64/download/esbuild-darwin-64-0.14.23.tgz#1c131e8cb133ed935ca32f824349a117c896a15b"
  integrity sha1-HBMejLEz7ZNcoy+CQ0mhF8iWoVs=

esbuild-darwin-arm64@0.14.23:
  version "0.14.23"
  resolved "http://registry.npm.oa.com/esbuild-darwin-arm64/download/esbuild-darwin-arm64-0.14.23.tgz#3c6245a50109dd84953f53d7833bd3b4f0e8c6fa"
  integrity sha1-PGJFpQEJ3YSVP1PXgzvTtPDoxvo=

esbuild-freebsd-64@0.14.23:
  version "0.14.23"
  resolved "http://registry.npm.oa.com/esbuild-freebsd-64/download/esbuild-freebsd-64-0.14.23.tgz#0cdc54e72d3dd9cd992f9c2960055e68a7f8650c"
  integrity sha1-DNxU5y092c2ZL5wpYAVeaKf4ZQw=

esbuild-freebsd-arm64@0.14.23:
  version "0.14.23"
  resolved "http://registry.npm.oa.com/esbuild-freebsd-arm64/download/esbuild-freebsd-arm64-0.14.23.tgz#1d11faed3a0c429e99b7dddef84103eb509788b2"
  integrity sha1-HRH67ToMQp6Zt93e+EED61CXiLI=

esbuild-linux-32@0.14.23:
  version "0.14.23"
  resolved "http://registry.npm.oa.com/esbuild-linux-32/download/esbuild-linux-32-0.14.23.tgz#fd9f033fc27dcab61100cb1eb1c936893a68c841"
  integrity sha1-/Z8DP8J9yrYRAMsesck2iTpoyEE=

esbuild-linux-64@0.14.23:
  version "0.14.23"
  resolved "http://registry.npm.oa.com/esbuild-linux-64/download/esbuild-linux-64-0.14.23.tgz#c04c438514f1359ecb1529205d0c836d4165f198"
  integrity sha1-wExDhRTxNZ7LFSkgXQyDbUFl8Zg=

esbuild-linux-arm64@0.14.23:
  version "0.14.23"
  resolved "http://registry.npm.oa.com/esbuild-linux-arm64/download/esbuild-linux-arm64-0.14.23.tgz#d1b3ab2988ab0734886eb9e811726f7db099ab96"
  integrity sha1-0bOrKYirBzSIbrnoEXJvfbCZq5Y=

esbuild-linux-arm@0.14.23:
  version "0.14.23"
  resolved "http://registry.npm.oa.com/esbuild-linux-arm/download/esbuild-linux-arm-0.14.23.tgz#df7558b6a5076f5eb9fd387c8704f768b61d97fb"
  integrity sha1-33VYtqUHb165/Th8hwT3aLYdl/s=

esbuild-linux-mips64le@0.14.23:
  version "0.14.23"
  resolved "http://registry.npm.oa.com/esbuild-linux-mips64le/download/esbuild-linux-mips64le-0.14.23.tgz#bb4c47fccc9493d460ffeb1f88e8a97a98a14f8b"
  integrity sha1-u0xH/MyUk9Rg/+sfiOipepihT4s=

esbuild-linux-ppc64le@0.14.23:
  version "0.14.23"
  resolved "http://registry.npm.oa.com/esbuild-linux-ppc64le/download/esbuild-linux-ppc64le-0.14.23.tgz#a332dbc8a1b4e30cfe1261bfaa5cef57c9c8c02a"
  integrity sha1-ozLbyKG04wz+EmG/qlzvV8nIwCo=

esbuild-linux-riscv64@0.14.23:
  version "0.14.23"
  resolved "http://registry.npm.oa.com/esbuild-linux-riscv64/download/esbuild-linux-riscv64-0.14.23.tgz#85675f3f931f5cd7cfb238fd82f77a62ffcb6d86"
  integrity sha1-hWdfP5MfXNfPsjj9gvd6Yv/LbYY=

esbuild-linux-s390x@0.14.23:
  version "0.14.23"
  resolved "http://registry.npm.oa.com/esbuild-linux-s390x/download/esbuild-linux-s390x-0.14.23.tgz#a526282a696e6d846f4c628f5315475518c0c0f0"
  integrity sha1-pSYoKmlubYRvTGKPUxVHVRjAwPA=

esbuild-netbsd-64@0.14.23:
  version "0.14.23"
  resolved "http://registry.npm.oa.com/esbuild-netbsd-64/download/esbuild-netbsd-64-0.14.23.tgz#8e456605694719aa1be4be266d6cd569c06dfaf5"
  integrity sha1-jkVmBWlHGaob5L4mbWzVacBt+vU=

esbuild-openbsd-64@0.14.23:
  version "0.14.23"
  resolved "http://registry.npm.oa.com/esbuild-openbsd-64/download/esbuild-openbsd-64-0.14.23.tgz#f2fc51714b4ddabc86e4eb30ca101dd325db2f7d"
  integrity sha1-8vxRcUtN2ryG5OswyhAd0yXbL30=

esbuild-sunos-64@0.14.23:
  version "0.14.23"
  resolved "http://registry.npm.oa.com/esbuild-sunos-64/download/esbuild-sunos-64-0.14.23.tgz#a408f33ea20e215909e20173a0fd78b1aaad1f8e"
  integrity sha1-pAjzPqIOIVkJ4gFzoP14saqtH44=

esbuild-windows-32@0.14.23:
  version "0.14.23"
  resolved "http://registry.npm.oa.com/esbuild-windows-32/download/esbuild-windows-32-0.14.23.tgz#b9005bbff54dac3975ff355d5de2b5e37165d128"
  integrity sha1-uQBbv/VNrDl1/zVdXeK143Fl0Sg=

esbuild-windows-64@0.14.23:
  version "0.14.23"
  resolved "http://registry.npm.oa.com/esbuild-windows-64/download/esbuild-windows-64-0.14.23.tgz#2b5a99befeaca6aefdad32d738b945730a60a060"
  integrity sha1-K1qZvv6spq79rTLXOLlFcwpgoGA=

esbuild-windows-arm64@0.14.23:
  version "0.14.23"
  resolved "http://registry.npm.oa.com/esbuild-windows-arm64/download/esbuild-windows-arm64-0.14.23.tgz#edc560bbadb097eb45fc235aeacb942cb94a38c0"
  integrity sha1-7cVgu62wl+tF/CNa6suULLlKOMA=

esbuild@^0.14.14:
  version "0.14.23"
  resolved "http://registry.npm.oa.com/esbuild/download/esbuild-0.14.23.tgz#95e842cb22bc0c7d82c140adc16788aac91469fe"
  integrity sha1-lehCyyK8DH2CwUCtwWeIqskUaf4=
  optionalDependencies:
    esbuild-android-arm64 "0.14.23"
    esbuild-darwin-64 "0.14.23"
    esbuild-darwin-arm64 "0.14.23"
    esbuild-freebsd-64 "0.14.23"
    esbuild-freebsd-arm64 "0.14.23"
    esbuild-linux-32 "0.14.23"
    esbuild-linux-64 "0.14.23"
    esbuild-linux-arm "0.14.23"
    esbuild-linux-arm64 "0.14.23"
    esbuild-linux-mips64le "0.14.23"
    esbuild-linux-ppc64le "0.14.23"
    esbuild-linux-riscv64 "0.14.23"
    esbuild-linux-s390x "0.14.23"
    esbuild-netbsd-64 "0.14.23"
    esbuild-openbsd-64 "0.14.23"
    esbuild-sunos-64 "0.14.23"
    esbuild-windows-32 "0.14.23"
    esbuild-windows-64 "0.14.23"
    esbuild-windows-arm64 "0.14.23"

fsevents@~2.3.2:
  version "2.3.2"
  resolved "http://registry.npm.oa.com/fsevents/download/fsevents-2.3.2.tgz#8a526f78b8fdf4623b709e0b975c52c24c02fd1a"
  integrity sha1-ilJveLj99GI7cJ4Ll1xSwkwC/Ro=

function-bind@^1.1.1:
  version "1.1.1"
  resolved "http://registry.npm.oa.com/function-bind/download/function-bind-1.1.1.tgz#a56899d3ea3c9bab874bb9773b7c5ede92f4895d"
  integrity sha1-pWiZ0+o8m6uHS7l3O3xe3pL0iV0=

has@^1.0.3:
  version "1.0.3"
  resolved "http://registry.npm.oa.com/has/download/has-1.0.3.tgz#722d7cbfc1f6aa8241f16dd814e011e1f41e8796"
  integrity sha1-ci18v8H2qoJB8W3YFOAR4fQeh5Y=
  dependencies:
    function-bind "^1.1.1"

is-core-module@^2.8.1:
  version "2.8.1"
  resolved "http://registry.npm.oa.com/is-core-module/download/is-core-module-2.8.1.tgz#f59fdfca701d5879d0a6b100a40aa1560ce27211"
  integrity sha1-9Z/fynAdWHnQprEApAqhVgzichE=
  dependencies:
    has "^1.0.3"

nanoid@^3.3.1:
  version "3.3.1"
  resolved "http://registry.npm.oa.com/nanoid/download/nanoid-3.3.1.tgz#6347a18cac88af88f58af0b3594b723d5e99bb35"
  integrity sha1-Y0ehjKyIr4j1ivCzWUtyPV6ZuzU=

path-parse@^1.0.7:
  version "1.0.7"
  resolved "http://registry.npm.oa.com/path-parse/download/path-parse-1.0.7.tgz#fbc114b60ca42b30d9daf5858e4bd68bbedb6735"
  integrity sha1-+8EUtgykKzDZ2vWFjkvWi77bZzU=

picocolors@^1.0.0:
  version "1.0.0"
  resolved "http://registry.npm.oa.com/picocolors/download/picocolors-1.0.0.tgz#cb5bdc74ff3f51892236eaf79d68bc44564ab81c"
  integrity sha1-y1vcdP8/UYkiNur3nWi8RFZKuBw=

postcss@^8.4.6:
  version "8.4.7"
  resolved "http://registry.npm.oa.com/postcss/download/postcss-8.4.7.tgz#f99862069ec4541de386bf57f5660a6c7a0875a8"
  integrity sha1-+ZhiBp7EVB3jhr9X9WYKbHoIdag=
  dependencies:
    nanoid "^3.3.1"
    picocolors "^1.0.0"
    source-map-js "^1.0.2"

resolve@^1.22.0:
  version "1.22.0"
  resolved "http://registry.npm.oa.com/resolve/download/resolve-1.22.0.tgz#5e0b8c67c15df57a89bdbabe603a002f21731198"
  integrity sha1-XguMZ8Fd9XqJvbq+YDoALyFzEZg=
  dependencies:
    is-core-module "^2.8.1"
    path-parse "^1.0.7"
    supports-preserve-symlinks-flag "^1.0.0"

rollup@^2.59.0:
  version "2.68.0"
  resolved "http://registry.npm.oa.com/rollup/download/rollup-2.68.0.tgz#6ccabfd649447f8f21d62bf41662e5caece3bd66"
  integrity sha1-bMq/1klEf48h1iv0FmLlyuzjvWY=
  optionalDependencies:
    fsevents "~2.3.2"

source-map-js@^1.0.2:
  version "1.0.2"
  resolved "http://registry.npm.oa.com/source-map-js/download/source-map-js-1.0.2.tgz#adbc361d9c62df380125e7f161f71c826f1e490c"
  integrity sha1-rbw2HZxi3zgBJefxYfccgm8eSQw=

supports-preserve-symlinks-flag@^1.0.0:
  version "1.0.0"
  resolved "http://registry.npm.oa.com/supports-preserve-symlinks-flag/download/supports-preserve-symlinks-flag-1.0.0.tgz#6eda4bd344a3c94aea376d4cc31bc77311039e09"
  integrity sha1-btpL00SjyUrqN21MwxvHcxEDngk=

vite@^2.7.2:
  version "2.8.5"
  resolved "http://registry.npm.oa.com/vite/download/vite-2.8.5.tgz#afa23aacea91c0ebe77754a807bf74953cafa331"
  integrity sha1-r6I6rOqRwOvnd1SoB790lTyvozE=
  dependencies:
    esbuild "^0.14.14"
    postcss "^8.4.6"
    resolve "^1.22.0"
    rollup "^2.59.0"
  optionalDependencies:
    fsevents "~2.3.2"
